
Microsoft Visual Studio Solution File, Format Version 12.00
# Visual Studio 15
VisualStudioVersion = 15.0.26124.0
MinimumVisualStudioVersion = 15.0.26124.0
Project("{2150E333-8FDC-42A3-9474-1A3956D46DE8}") = "Services", "Services", "{946D3BB9-8F15-499D-8E73-88692A93A268}"
EndProject
Project("{2150E333-8FDC-42A3-9474-1A3956D46DE8}") = "src", "src", "{3C25676F-6D89-4F37-9EFD-2E29119F68D9}"
EndProject
Project("{2150E333-8FDC-42A3-9474-1A3956D46DE8}") = "Web", "Web", "{E1E12967-F79F-40BF-98F5-7FB779181FDD}"
EndProject
Project("{FAE04EC0-301F-11D3-BF4B-00C04F79EFBC}") = "O2.Catalog.API", "Services\Catalog\O2.Catalog.API\O2.Catalog.API.csproj", "{2876E8F1-5575-439B-8C71-D16F908E4065}"
EndProject
Project("{2150E333-8FDC-42A3-9474-1A3956D46DE8}") = "Solution Items", "Solution Items", "{91CC9341-E071-4301-A156-940BC0895FAB}"
	ProjectSection(SolutionItems) = preProject
		..\docker-compose.yaml = ..\docker-compose.yaml
	EndProjectSection
EndProject
Project("{FAE04EC0-301F-11D3-BF4B-00C04F79EFBC}") = "ShopWebMvc", "Web\ShopWebMvc\ShopWebMvc.csproj", "{2AAD76EC-BAB6-46B9-B3C7-FB55D9A14EA2}"
EndProject
Global
	GlobalSection(SolutionConfigurationPlatforms) = preSolution
		Debug|Any CPU = Debug|Any CPU
		Debug|x64 = Debug|x64
		Debug|x86 = Debug|x86
		Release|Any CPU = Release|Any CPU
		Release|x64 = Release|x64
		Release|x86 = Release|x86
	EndGlobalSection
	GlobalSection(SolutionProperties) = preSolution
		HideSolutionNode = FALSE
	EndGlobalSection
	GlobalSection(ProjectConfigurationPlatforms) = postSolution
		{2876E8F1-5575-439B-8C71-D16F908E4065}.Debug|Any CPU.ActiveCfg = Debug|Any CPU
		{2876E8F1-5575-439B-8C71-D16F908E4065}.Debug|Any CPU.Build.0 = Debug|Any CPU
		{2876E8F1-5575-439B-8C71-D16F908E4065}.Debug|x64.ActiveCfg = Debug|Any CPU
		{2876E8F1-5575-439B-8C71-D16F908E4065}.Debug|x64.Build.0 = Debug|Any CPU
		{2876E8F1-5575-439B-8C71-D16F908E4065}.Debug|x86.ActiveCfg = Debug|Any CPU
		{2876E8F1-5575-439B-8C71-D16F908E4065}.Debug|x86.Build.0 = Debug|Any CPU
		{2876E8F1-5575-439B-8C71-D16F908E4065}.Release|Any CPU.ActiveCfg = Release|Any CPU
		{2876E8F1-5575-439B-8C71-D16F908E4065}.Release|Any CPU.Build.0 = Release|Any CPU
		{2876E8F1-5575-439B-8C71-D16F908E4065}.Release|x64.ActiveCfg = Release|Any CPU
		{2876E8F1-5575-439B-8C71-D16F908E4065}.Release|x64.Build.0 = Release|Any CPU
		{2876E8F1-5575-439B-8C71-D16F908E4065}.Release|x86.ActiveCfg = Release|Any CPU
		{2876E8F1-5575-439B-8C71-D16F908E4065}.Release|x86.Build.0 = Release|Any CPU
		{2AAD76EC-BAB6-46B9-B3C7-FB55D9A14EA2}.Debug|Any CPU.ActiveCfg = Debug|Any CPU
		{2AAD76EC-BAB6-46B9-B3C7-FB55D9A14EA2}.Debug|Any CPU.Build.0 = Debug|Any CPU
		{2AAD76EC-BAB6-46B9-B3C7-FB55D9A14EA2}.Debug|x64.ActiveCfg = Debug|Any CPU
		{2AAD76EC-BAB6-46B9-B3C7-FB55D9A14EA2}.Debug|x64.Build.0 = Debug|Any CPU
		{2AAD76EC-BAB6-46B9-B3C7-FB55D9A14EA2}.Debug|x86.ActiveCfg = Debug|Any CPU
		{2AAD76EC-BAB6-46B9-B3C7-FB55D9A14EA2}.Debug|x86.Build.0 = Debug|Any CPU
		{2AAD76EC-BAB6-46B9-B3C7-FB55D9A14EA2}.Release|Any CPU.ActiveCfg = Release|Any CPU
		{2AAD76EC-BAB6-46B9-B3C7-FB55D9A14EA2}.Release|Any CPU.Build.0 = Release|Any CPU
		{2AAD76EC-BAB6-46B9-B3C7-FB55D9A14EA2}.Release|x64.ActiveCfg = Release|Any CPU
		{2AAD76EC-BAB6-46B9-B3C7-FB55D9A14EA2}.Release|x64.Build.0 = Release|Any CPU
		{2AAD76EC-BAB6-46B9-B3C7-FB55D9A14EA2}.Release|x86.ActiveCfg = Release|Any CPU
		{2AAD76EC-BAB6-46B9-B3C7-FB55D9A14EA2}.Release|x86.Build.0 = Release|Any CPU
	EndGlobalSection
	GlobalSection(NestedProjects) = preSolution
		{946D3BB9-8F15-499D-8E73-88692A93A268} = {3C25676F-6D89-4F37-9EFD-2E29119F68D9}
		{E1E12967-F79F-40BF-98F5-7FB779181FDD} = {3C25676F-6D89-4F37-9EFD-2E29119F68D9}
		{2876E8F1-5575-439B-8C71-D16F908E4065} = {946D3BB9-8F15-499D-8E73-88692A93A268}
		{2AAD76EC-BAB6-46B9-B3C7-FB55D9A14EA2} = {E1E12967-F79F-40BF-98F5-7FB779181FDD}
	EndGlobalSection
EndGlobal
